
Microsoft Visual Studio Solution File, Format Version 12.00
# Visual Studio 2015
Project("{FAE04EC0-301F-11D3-BF4B-00C04F79EFBC}") = "StrangeIoC.CSharp", "StrangeIoC.CSharp.csproj", "{D6EA4C3A-1054-D5B9-55EE-626DA7048503}"
EndProject
Project("{FAE04EC0-301F-11D3-BF4B-00C04F79EFBC}") = "StrangeIoC.CSharp.Editor", "StrangeIoC.CSharp.Editor.csproj", "{670DBAE7-0CFB-3C92-C21A-5B04F4651ACD}"
EndProject
Global
	GlobalSection(SolutionConfigurationPlatforms) = preSolution
		Debug|Any CPU = Debug|Any CPU
		Release|Any CPU = Release|Any CPU
	EndGlobalSection
	GlobalSection(ProjectConfigurationPlatforms) = postSolution
		{D6EA4C3A-1054-D5B9-55EE-626DA7048503}.Debug|Any CPU.ActiveCfg = Debug|Any CPU
		{D6EA4C3A-1054-D5B9-55EE-626DA7048503}.Debug|Any CPU.Build.0 = Debug|Any CPU
		{D6EA4C3A-1054-D5B9-55EE-626DA7048503}.Release|Any CPU.ActiveCfg = Release|Any CPU
		{D6EA4C3A-1054-D5B9-55EE-626DA7048503}.Release|Any CPU.Build.0 = Release|Any CPU
		{670DBAE7-0CFB-3C92-C21A-5B04F4651ACD}.Debug|Any CPU.ActiveCfg = Debug|Any CPU
		{670DBAE7-0CFB-3C92-C21A-5B04F4651ACD}.Debug|Any CPU.Build.0 = Debug|Any CPU
		{670DBAE7-0CFB-3C92-C21A-5B04F4651ACD}.Release|Any CPU.ActiveCfg = Release|Any CPU
		{670DBAE7-0CFB-3C92-C21A-5B04F4651ACD}.Release|Any CPU.Build.0 = Release|Any CPU
	EndGlobalSection
	GlobalSection(SolutionProperties) = preSolution
		HideSolutionNode = FALSE
	EndGlobalSection
EndGlobal
